
Microsoft Visual Studio Solution File, Format Version 12.00
# Visual Studio Version 16
VisualStudioVersion = 16.0.31702.278
MinimumVisualStudioVersion = 10.0.40219.1
Project("{9A19103F-16F7-4668-BE54-9A1E7A4F7556}") = "Persa_PaulaDenisa_Lab8", "Persa_PaulaDenisa_Lab8.csproj", "{D94B69FF-36F5-4DC4-A4D8-748F05EF29B6}"
EndProject
Global
	GlobalSection(SolutionConfigurationPlatforms) = preSolution
		Debug|Any CPU = Debug|Any CPU
		Release|Any CPU = Release|Any CPU
	EndGlobalSection
	GlobalSection(ProjectConfigurationPlatforms) = postSolution
		{D94B69FF-36F5-4DC4-A4D8-748F05EF29B6}.Debug|Any CPU.ActiveCfg = Debug|Any CPU
		{D94B69FF-36F5-4DC4-A4D8-748F05EF29B6}.Debug|Any CPU.Build.0 = Debug|Any CPU
		{D94B69FF-36F5-4DC4-A4D8-748F05EF29B6}.Release|Any CPU.ActiveCfg = Release|Any CPU
		{D94B69FF-36F5-4DC4-A4D8-748F05EF29B6}.Release|Any CPU.Build.0 = Release|Any CPU
	EndGlobalSection
	GlobalSection(SolutionProperties) = preSolution
		HideSolutionNode = FALSE
	EndGlobalSection
	GlobalSection(ExtensibilityGlobals) = postSolution
		SolutionGuid = {B37E23E9-7BB4-4677-8C55-DF4977AAB8AA}
	EndGlobalSection
EndGlobal
